{
  "name": "yuyi",
  "lockfileVersion": 3,
  "requires": true,
  "packages": {
    "": {
      "dependencies": {
        "chinese-lunar": "^0.1.4",
        "chinese-lunar-calendar": "^1.0.1",
        "solarlunar-es": "^1.0.9"
      }
    },
    "node_modules/chinese-lunar": {
      "version": "0.1.4",
      "resolved": "https://registry.npmmirror.com/chinese-lunar/-/chinese-lunar-0.1.4.tgz",
      "integrity": "sha512-E4seb9UZkSJtkm65Ry2ZLWTw5Z87DOyGcCePdg3ft7da342hnEliMtcDAPSn+YSo/o0xl1Egmhh671kxEJgY+g==",
      "engines": {
        "node": "*"
      }
    },
    "node_modules/chinese-lunar-calendar": {
      "version": "1.0.1",
      "resolved": "https://registry.npmmirror.com/chinese-lunar-calendar/-/chinese-lunar-calendar-1.0.1.tgz",
      "integrity": "sha512-T5XjtA6ygOkxjwltYf8dEB1DLsPKewDKajf74fNeT6rH2g9EZPf2AHk6vAlK/SAImTYKXoUNQ3Q4JwN0BduqRA==",
      "license": "ISC"
    },
    "node_modules/solarlunar-es": {
      "version": "1.0.9",
      "resolved": "https://registry.npmmirror.com/solarlunar-es/-/solarlunar-es-1.0.9.tgz",
      "integrity": "sha512-Phsk53NMRexjZkXmL6Q9l1UOtJ0GPt+/KUu+mCZkGIV9GlXpYxwjjh4hGhSd7j7k/PrVtX5Uh7/iW5R7fJ+STg==",
      "license": "ISC"
    }
  }
}
